// !$*UTF8*$!
{
	archiveVersion = 1;
	classes = {
	};
	objectVersion = 56;
	objects = {

/* Begin PBXBuildFile section */
		955DEA172A05337A00B0067D /* RMLocation.swift in Sources */ = {isa = PBXBuildFile; fileRef = 955DEA162A05337A00B0067D /* RMLocation.swift */; };
		955DEA192A05338700B0067D /* RMCharacter.swift in Sources */ = {isa = PBXBuildFile; fileRef = 955DEA182A05338700B0067D /* RMCharacter.swift */; };
		955DEA1B2A05339100B0067D /* RMEpisode.swift in Sources */ = {isa = PBXBuildFile; fileRef = 955DEA1A2A05339100B0067D /* RMEpisode.swift */; };
		955DEA1F2A05344700B0067D /* RMCharacterViewController.swift in Sources */ = {isa = PBXBuildFile; fileRef = 955DEA1E2A05344700B0067D /* RMCharacterViewController.swift */; };
		955DEA212A05346F00B0067D /* RMEpisodeViewController.swift in Sources */ = {isa = PBXBuildFile; fileRef = 955DEA202A05346F00B0067D /* RMEpisodeViewController.swift */; };
		955DEA232A05347B00B0067D /* RMLocationViewController.swift in Sources */ = {isa = PBXBuildFile; fileRef = 955DEA222A05347B00B0067D /* RMLocationViewController.swift */; };
		955DEA252A05349100B0067D /* RMSettingsViewController.swift in Sources */ = {isa = PBXBuildFile; fileRef = 955DEA242A05349100B0067D /* RMSettingsViewController.swift */; };
		957623F72A04D3EA00C3CB99 /* AppDelegate.swift in Sources */ = {isa = PBXBuildFile; fileRef = 957623F62A04D3EA00C3CB99 /* AppDelegate.swift */; };
		957623F92A04D3EA00C3CB99 /* SceneDelegate.swift in Sources */ = {isa = PBXBuildFile; fileRef = 957623F82A04D3EA00C3CB99 /* SceneDelegate.swift */; };
		957623FB2A04D3EA00C3CB99 /* RMTabViewController.swift in Sources */ = {isa = PBXBuildFile; fileRef = 957623FA2A04D3EA00C3CB99 /* RMTabViewController.swift */; };
		957624002A04D3EB00C3CB99 /* Assets.xcassets in Resources */ = {isa = PBXBuildFile; fileRef = 957623FF2A04D3EB00C3CB99 /* Assets.xcassets */; };
		957624032A04D3EB00C3CB99 /* LaunchScreen.storyboard in Resources */ = {isa = PBXBuildFile; fileRef = 957624012A04D3EB00C3CB99 /* LaunchScreen.storyboard */; };
/* End PBXBuildFile section */

/* Begin PBXFileReference section */
		955DEA162A05337A00B0067D /* RMLocation.swift */ = {isa = PBXFileReference; lastKnownFileType = sourcecode.swift; path = RMLocation.swift; sourceTree = "<group>"; };
		955DEA182A05338700B0067D /* RMCharacter.swift */ = {isa = PBXFileReference; lastKnownFileType = sourcecode.swift; path = RMCharacter.swift; sourceTree = "<group>"; };
		955DEA1A2A05339100B0067D /* RMEpisode.swift */ = {isa = PBXFileReference; lastKnownFileType = sourcecode.swift; path = RMEpisode.swift; sourceTree = "<group>"; };
		955DEA1E2A05344700B0067D /* RMCharacterViewController.swift */ = {isa = PBXFileReference; lastKnownFileType = sourcecode.swift; path = RMCharacterViewController.swift; sourceTree = "<group>"; };
		955DEA202A05346F00B0067D /* RMEpisodeViewController.swift */ = {isa = PBXFileReference; lastKnownFileType = sourcecode.swift; path = RMEpisodeViewController.swift; sourceTree = "<group>"; };
		955DEA222A05347B00B0067D /* RMLocationViewController.swift */ = {isa = PBXFileReference; lastKnownFileType = sourcecode.swift; path = RMLocationViewController.swift; sourceTree = "<group>"; };
		955DEA242A05349100B0067D /* RMSettingsViewController.swift */ = {isa = PBXFileReference; lastKnownFileType = sourcecode.swift; path = RMSettingsViewController.swift; sourceTree = "<group>"; };
		957623F32A04D3EA00C3CB99 /* ricken.app */ = {isa = PBXFileReference; explicitFileType = wrapper.application; includeInIndex = 0; path = ricken.app; sourceTree = BUILT_PRODUCTS_DIR; };
		957623F62A04D3EA00C3CB99 /* AppDelegate.swift */ = {isa = PBXFileReference; lastKnownFileType = sourcecode.swift; path = AppDelegate.swift; sourceTree = "<group>"; };
		957623F82A04D3EA00C3CB99 /* SceneDelegate.swift */ = {isa = PBXFileReference; lastKnownFileType = sourcecode.swift; path = SceneDelegate.swift; sourceTree = "<group>"; };
		957623FA2A04D3EA00C3CB99 /* RMTabViewController.swift */ = {isa = PBXFileReference; lastKnownFileType = sourcecode.swift; path = RMTabViewController.swift; sourceTree = "<group>"; };
		957623FF2A04D3EB00C3CB99 /* Assets.xcassets */ = {isa = PBXFileReference; lastKnownFileType = folder.assetcatalog; path = Assets.xcassets; sourceTree = "<group>"; };
		957624022A04D3EB00C3CB99 /* Base */ = {isa = PBXFileReference; lastKnownFileType = file.storyboard; name = Base; path = Base.lproj/LaunchScreen.storyboard; sourceTree = "<group>"; };
		957624042A04D3EB00C3CB99 /* Info.plist */ = {isa = PBXFileReference; lastKnownFileType = text.plist.xml; path = Info.plist; sourceTree = "<group>"; };
/* End PBXFileReference section */

/* Begin PBXFrameworksBuildPhase section */
		957623F02A04D3EA00C3CB99 /* Frameworks */ = {
			isa = PBXFrameworksBuildPhase;
			buildActionMask = 2147483647;
			files = (
			);
			runOnlyForDeploymentPostprocessing = 0;
		};
/* End PBXFrameworksBuildPhase section */

/* Begin PBXGroup section */
		955DEA102A05325600B0067D /* Models */ = {
			isa = PBXGroup;
			children = (
				955DEA162A05337A00B0067D /* RMLocation.swift */,
				955DEA182A05338700B0067D /* RMCharacter.swift */,
				955DEA1A2A05339100B0067D /* RMEpisode.swift */,
			);
			path = Models;
			sourceTree = "<group>";
		};
		955DEA112A05325D00B0067D /* Views */ = {
			isa = PBXGroup;
			children = (
			);
			path = Views;
			sourceTree = "<group>";
		};
		955DEA122A05326700B0067D /* ViewModels */ = {
			isa = PBXGroup;
			children = (
			);
			path = ViewModels;
			sourceTree = "<group>";
		};
		955DEA132A05329000B0067D /* Resources */ = {
			isa = PBXGroup;
			children = (
				957623FF2A04D3EB00C3CB99 /* Assets.xcassets */,
				957624012A04D3EB00C3CB99 /* LaunchScreen.storyboard */,
				957623F62A04D3EA00C3CB99 /* AppDelegate.swift */,
				957623F82A04D3EA00C3CB99 /* SceneDelegate.swift */,
			);
			path = Resources;
			sourceTree = "<group>";
		};
		955DEA142A05329700B0067D /* Repository */ = {
			isa = PBXGroup;
			children = (
			);
			path = Repository;
			sourceTree = "<group>";
		};
		955DEA152A05331000B0067D /* Controllers */ = {
			isa = PBXGroup;
			children = (
				955DEA1D2A05340C00B0067D /* Core */,
			);
			path = Controllers;
			sourceTree = "<group>";
		};
		955DEA1D2A05340C00B0067D /* Core */ = {
			isa = PBXGroup;
			children = (
				957623FA2A04D3EA00C3CB99 /* RMTabViewController.swift */,
				955DEA1E2A05344700B0067D /* RMCharacterViewController.swift */,
				955DEA202A05346F00B0067D /* RMEpisodeViewController.swift */,
				955DEA222A05347B00B0067D /* RMLocationViewController.swift */,
				955DEA242A05349100B0067D /* RMSettingsViewController.swift */,
			);
			path = Core;
			sourceTree = "<group>";
		};
		957623EA2A04D3EA00C3CB99 = {
			isa = PBXGroup;
			children = (
				957623F52A04D3EA00C3CB99 /* ricken */,
				957623F42A04D3EA00C3CB99 /* Products */,
			);
			sourceTree = "<group>";
		};
		957623F42A04D3EA00C3CB99 /* Products */ = {
			isa = PBXGroup;
			children = (
				957623F32A04D3EA00C3CB99 /* ricken.app */,
			);
			name = Products;
			sourceTree = "<group>";
		};
		957623F52A04D3EA00C3CB99 /* ricken */ = {
			isa = PBXGroup;
			children = (
				955DEA152A05331000B0067D /* Controllers */,
				955DEA142A05329700B0067D /* Repository */,
				955DEA132A05329000B0067D /* Resources */,
				955DEA122A05326700B0067D /* ViewModels */,
				955DEA112A05325D00B0067D /* Views */,
				955DEA102A05325600B0067D /* Models */,
				957624042A04D3EB00C3CB99 /* Info.plist */,
			);
			path = ricken;
			sourceTree = "<group>";
		};
/* End PBXGroup section */

/* Begin PBXNativeTarget section */
		957623F22A04D3EA00C3CB99 /* ricken */ = {
			isa = PBXNativeTarget;
			buildConfigurationList = 957624072A04D3EB00C3CB99 /* Build configuration list for PBXNativeTarget "ricken" */;
			buildPhases = (
				957623EF2A04D3EA00C3CB99 /* Sources */,
				957623F02A04D3EA00C3CB99 /* Frameworks */,
				957623F12A04D3EA00C3CB99 /* Resources */,
			);
			buildRules = (
			);
			dependencies = (
			);
			name = ricken;
			productName = ricken;
			productReference = 957623F32A04D3EA00C3CB99 /* ricken.app */;
			productType = "com.apple.product-type.application";
		};
/* End PBXNativeTarget section */

/* Begin PBXProject section */
		957623EB2A04D3EA00C3CB99 /* Project object */ = {
			isa = PBXProject;
			attributes = {
				BuildIndependentTargetsInParallel = 1;
				LastSwiftUpdateCheck = 1420;
				LastUpgradeCheck = 1420;
				TargetAttributes = {
					957623F22A04D3EA00C3CB99 = {
						CreatedOnToolsVersion = 14.2;
					};
				};
			};
			buildConfigurationList = 957623EE2A04D3EA00C3CB99 /* Build configuration list for PBXProject "ricken" */;
			compatibilityVersion = "Xcode 14.0";
			developmentRegion = en;
			hasScannedForEncodings = 0;
			knownRegions = (
				en,
				Base,
			);
			mainGroup = 957623EA2A04D3EA00C3CB99;
			productRefGroup = 957623F42A04D3EA00C3CB99 /* Products */;
			projectDirPath = "";
			projectRoot = "";
			targets = (
				957623F22A04D3EA00C3CB99 /* ricken */,
			);
		};
/* End PBXProject section */

/* Begin PBXResourcesBuildPhase section */
		957623F12A04D3EA00C3CB99 /* Resources */ = {
			isa = PBXResourcesBuildPhase;
			buildActionMask = 2147483647;
			files = (
				957624032A04D3EB00C3CB99 /* LaunchScreen.storyboard in Resources */,
				957624002A04D3EB00C3CB99 /* Assets.xcassets in Resources */,
			);
			runOnlyForDeploymentPostprocessing = 0;
		};
/* End PBXResourcesBuildPhase section */

/* Begin PBXSourcesBuildPhase section */
		957623EF2A04D3EA00C3CB99 /* Sources */ = {
			isa = PBXSourcesBuildPhase;
			buildActionMask = 2147483647;
			files = (
				955DEA232A05347B00B0067D /* RMLocationViewController.swift in Sources */,
				955DEA1B2A05339100B0067D /* RMEpisode.swift in Sources */,
				957623FB2A04D3EA00C3CB99 /* RMTabViewController.swift in Sources */,
				957623F72A04D3EA00C3CB99 /* AppDelegate.swift in Sources */,
				957623F92A04D3EA00C3CB99 /* SceneDelegate.swift in Sources */,
				955DEA172A05337A00B0067D /* RMLocation.swift in Sources */,
				955DEA252A05349100B0067D /* RMSettingsViewController.swift in Sources */,
				955DEA192A05338700B0067D /* RMCharacter.swift in Sources */,
				955DEA1F2A05344700B0067D /* RMCharacterViewController.swift in Sources */,
				955DEA212A05346F00B0067D /* RMEpisodeViewController.swift in Sources */,
			);
			runOnlyForDeploymentPostprocessing = 0;
		};
/* End PBXSourcesBuildPhase section */

/* Begin PBXVariantGroup section */
		957624012A04D3EB00C3CB99 /* LaunchScreen.storyboard */ = {
			isa = PBXVariantGroup;
			children = (
				957624022A04D3EB00C3CB99 /* Base */,
			);
			name = LaunchScreen.storyboard;
			sourceTree = "<group>";
		};
/* End PBXVariantGroup section */

/* Begin XCBuildConfiguration section */
		957624052A04D3EB00C3CB99 /* Debug */ = {
			isa = XCBuildConfiguration;
			buildSettings = {
				ALWAYS_SEARCH_USER_PATHS = NO;
				CLANG_ANALYZER_NONNULL = YES;
				CLANG_ANALYZER_NUMBER_OBJECT_CONVERSION = YES_AGGRESSIVE;
				CLANG_CXX_LANGUAGE_STANDARD = "gnu++20";
				CLANG_ENABLE_MODULES = YES;
				CLANG_ENABLE_OBJC_ARC = YES;
				CLANG_ENABLE_OBJC_WEAK = YES;
				CLANG_WARN_BLOCK_CAPTURE_AUTORELEASING = YES;
				CLANG_WARN_BOOL_CONVERSION = YES;
				CLANG_WARN_COMMA = YES;
				CLANG_WARN_CONSTANT_CONVERSION = YES;
				CLANG_WARN_DEPRECATED_OBJC_IMPLEMENTATIONS = YES;
				CLANG_WARN_DIRECT_OBJC_ISA_USAGE = YES_ERROR;
				CLANG_WARN_DOCUMENTATION_COMMENTS = YES;
				CLANG_WARN_EMPTY_BODY = YES;
				CLANG_WARN_ENUM_CONVERSION = YES;
				CLANG_WARN_INFINITE_RECURSION = YES;
				CLANG_WARN_INT_CONVERSION = YES;
				CLANG_WARN_NON_LITERAL_NULL_CONVERSION = YES;
				CLANG_WARN_OBJC_IMPLICIT_RETAIN_SELF = YES;
				CLANG_WARN_OBJC_LITERAL_CONVERSION = YES;
				CLANG_WARN_OBJC_ROOT_CLASS = YES_ERROR;
				CLANG_WARN_QUOTED_INCLUDE_IN_FRAMEWORK_HEADER = YES;
				CLANG_WARN_RANGE_LOOP_ANALYSIS = YES;
				CLANG_WARN_STRICT_PROTOTYPES = YES;
				CLANG_WARN_SUSPICIOUS_MOVE = YES;
				CLANG_WARN_UNGUARDED_AVAILABILITY = YES_AGGRESSIVE;
				CLANG_WARN_UNREACHABLE_CODE = YES;
				CLANG_WARN__DUPLICATE_METHOD_MATCH = YES;
				COPY_PHASE_STRIP = NO;
				DEBUG_INFORMATION_FORMAT = dwarf;
				ENABLE_STRICT_OBJC_MSGSEND = YES;
				ENABLE_TESTABILITY = YES;
				GCC_C_LANGUAGE_STANDARD = gnu11;
				GCC_DYNAMIC_NO_PIC = NO;
				GCC_NO_COMMON_BLOCKS = YES;
				GCC_OPTIMIZATION_LEVEL = 0;
				GCC_PREPROCESSOR_DEFINITIONS = (
					"DEBUG=1",
					"$(inherited)",
				);
				GCC_WARN_64_TO_32_BIT_CONVERSION = YES;
				GCC_WARN_ABOUT_RETURN_TYPE = YES_ERROR;
				GCC_WARN_UNDECLARED_SELECTOR = YES;
				GCC_WARN_UNINITIALIZED_AUTOS = YES_AGGRESSIVE;
				GCC_WARN_UNUSED_FUNCTION = YES;
				GCC_WARN_UNUSED_VARIABLE = YES;
				IPHONEOS_DEPLOYMENT_TARGET = 16.2;
				MTL_ENABLE_DEBUG_INFO = INCLUDE_SOURCE;
				MTL_FAST_MATH = YES;
				ONLY_ACTIVE_ARCH = YES;
				SDKROOT = iphoneos;
				SWIFT_ACTIVE_COMPILATION_CONDITIONS = DEBUG;
				SWIFT_OPTIMIZATION_LEVEL = "-Onone";
			};
			name = Debug;
		};
		957624062A04D3EB00C3CB99 /* Release */ = {
			isa = XCBuildConfiguration;
			buildSettings = {
				ALWAYS_SEARCH_USER_PATHS = NO;
				CLANG_ANALYZER_NONNULL = YES;
				CLANG_ANALYZER_NUMBER_OBJECT_CONVERSION = YES_AGGRESSIVE;
				CLANG_CXX_LANGUAGE_STANDARD = "gnu++20";
				CLANG_ENABLE_MODULES = YES;
				CLANG_ENABLE_OBJC_ARC = YES;
				CLANG_ENABLE_OBJC_WEAK = YES;
				CLANG_WARN_BLOCK_CAPTURE_AUTORELEASING = YES;
				CLANG_WARN_BOOL_CONVERSION = YES;
				CLANG_WARN_COMMA = YES;
				CLANG_WARN_CONSTANT_CONVERSION = YES;
				CLANG_WARN_DEPRECATED_OBJC_IMPLEMENTATIONS = YES;
				CLANG_WARN_DIRECT_OBJC_ISA_USAGE = YES_ERROR;
				CLANG_WARN_DOCUMENTATION_COMMENTS = YES;
				CLANG_WARN_EMPTY_BODY = YES;
				CLANG_WARN_ENUM_CONVERSION = YES;
				CLANG_WARN_INFINITE_RECURSION = YES;
				CLANG_WARN_INT_CONVERSION = YES;
				CLANG_WARN_NON_LITERAL_NULL_CONVERSION = YES;
				CLANG_WARN_OBJC_IMPLICIT_RETAIN_SELF = YES;
				CLANG_WARN_OBJC_LITERAL_CONVERSION = YES;
				CLANG_WARN_OBJC_ROOT_CLASS = YES_ERROR;
				CLANG_WARN_QUOTED_INCLUDE_IN_FRAMEWORK_HEADER = YES;
				CLANG_WARN_RANGE_LOOP_ANALYSIS = YES;
				CLANG_WARN_STRICT_PROTOTYPES = YES;
				CLANG_WARN_SUSPICIOUS_MOVE = YES;
				CLANG_WARN_UNGUARDED_AVAILABILITY = YES_AGGRESSIVE;
				CLANG_WARN_UNREACHABLE_CODE = YES;
				CLANG_WARN__DUPLICATE_METHOD_MATCH = YES;
				COPY_PHASE_STRIP = NO;
				DEBUG_INFORMATION_FORMAT = "dwarf-with-dsym";
				ENABLE_NS_ASSERTIONS = NO;
				ENABLE_STRICT_OBJC_MSGSEND = YES;
				GCC_C_LANGUAGE_STANDARD = gnu11;
				GCC_NO_COMMON_BLOCKS = YES;
				GCC_WARN_64_TO_32_BIT_CONVERSION = YES;
				GCC_WARN_ABOUT_RETURN_TYPE = YES_ERROR;
				GCC_WARN_UNDECLARED_SELECTOR = YES;
				GCC_WARN_UNINITIALIZED_AUTOS = YES_AGGRESSIVE;
				GCC_WARN_UNUSED_FUNCTION = YES;
				GCC_WARN_UNUSED_VARIABLE = YES;
				IPHONEOS_DEPLOYMENT_TARGET = 16.2;
				MTL_ENABLE_DEBUG_INFO = NO;
				MTL_FAST_MATH = YES;
				SDKROOT = iphoneos;
				SWIFT_COMPILATION_MODE = wholemodule;
				SWIFT_OPTIMIZATION_LEVEL = "-O";
				VALIDATE_PRODUCT = YES;
			};
			name = Release;
		};
		957624082A04D3EB00C3CB99 /* Debug */ = {
			isa = XCBuildConfiguration;
			buildSettings = {
				ASSETCATALOG_COMPILER_APPICON_NAME = AppIcon;
				ASSETCATALOG_COMPILER_GLOBAL_ACCENT_COLOR_NAME = AccentColor;
				CODE_SIGN_STYLE = Automatic;
				CURRENT_PROJECT_VERSION = 1;
				GENERATE_INFOPLIST_FILE = YES;
				INFOPLIST_FILE = ricken/Info.plist;
				INFOPLIST_KEY_UIApplicationSupportsIndirectInputEvents = YES;
				INFOPLIST_KEY_UILaunchStoryboardName = LaunchScreen;
				INFOPLIST_KEY_UISupportedInterfaceOrientations_iPad = "UIInterfaceOrientationPortrait UIInterfaceOrientationPortraitUpsideDown UIInterfaceOrientationLandscapeLeft UIInterfaceOrientationLandscapeRight";
				INFOPLIST_KEY_UISupportedInterfaceOrientations_iPhone = "UIInterfaceOrientationPortrait UIInterfaceOrientationLandscapeLeft UIInterfaceOrientationLandscapeRight";
				LD_RUNPATH_SEARCH_PATHS = (
					"$(inherited)",
					"@executable_path/Frameworks",
				);
				MARKETING_VERSION = 1.0;
				PRODUCT_BUNDLE_IDENTIFIER = com.zedlabs.ricken;
				PRODUCT_NAME = "$(TARGET_NAME)";
				SWIFT_EMIT_LOC_STRINGS = YES;
				SWIFT_VERSION = 5.0;
				TARGETED_DEVICE_FAMILY = "1,2";
			};
			name = Debug;
		};
		957624092A04D3EB00C3CB99 /* Release */ = {
			isa = XCBuildConfiguration;
			buildSettings = {
				ASSETCATALOG_COMPILER_APPICON_NAME = AppIcon;
				ASSETCATALOG_COMPILER_GLOBAL_ACCENT_COLOR_NAME = AccentColor;
				CODE_SIGN_STYLE = Automatic;
				CURRENT_PROJECT_VERSION = 1;
				GENERATE_INFOPLIST_FILE = YES;
				INFOPLIST_FILE = ricken/Info.plist;
				INFOPLIST_KEY_UIApplicationSupportsIndirectInputEvents = YES;
				INFOPLIST_KEY_UILaunchStoryboardName = LaunchScreen;
				INFOPLIST_KEY_UISupportedInterfaceOrientations_iPad = "UIInterfaceOrientationPortrait UIInterfaceOrientationPortraitUpsideDown UIInterfaceOrientationLandscapeLeft UIInterfaceOrientationLandscapeRight";
				INFOPLIST_KEY_UISupportedInterfaceOrientations_iPhone = "UIInterfaceOrientationPortrait UIInterfaceOrientationLandscapeLeft UIInterfaceOrientationLandscapeRight";
				LD_RUNPATH_SEARCH_PATHS = (
					"$(inherited)",
					"@executable_path/Frameworks",
				);
				MARKETING_VERSION = 1.0;
				PRODUCT_BUNDLE_IDENTIFIER = com.zedlabs.ricken;
				PRODUCT_NAME = "$(TARGET_NAME)";
				SWIFT_EMIT_LOC_STRINGS = YES;
				SWIFT_VERSION = 5.0;
				TARGETED_DEVICE_FAMILY = "1,2";
			};
			name = Release;
		};
/* End XCBuildConfiguration section */

/* Begin XCConfigurationList section */
		957623EE2A04D3EA00C3CB99 /* Build configuration list for PBXProject "ricken" */ = {
			isa = XCConfigurationList;
			buildConfigurations = (
				957624052A04D3EB00C3CB99 /* Debug */,
				957624062A04D3EB00C3CB99 /* Release */,
			);
			defaultConfigurationIsVisible = 0;
			defaultConfigurationName = Release;
		};
		957624072A04D3EB00C3CB99 /* Build configuration list for PBXNativeTarget "ricken" */ = {
			isa = XCConfigurationList;
			buildConfigurations = (
				957624082A04D3EB00C3CB99 /* Debug */,
				957624092A04D3EB00C3CB99 /* Release */,
			);
			defaultConfigurationIsVisible = 0;
			defaultConfigurationName = Release;
		};
/* End XCConfigurationList section */
	};
	rootObject = 957623EB2A04D3EA00C3CB99 /* Project object */;
}
